# THIS IS AN AUTOGENERATED FILE. DO NOT EDIT THIS FILE DIRECTLY.
# yarn lockfile v1


b4a@^1.0.1:
  version "1.1.4"
  resolved "https://registry.npmmirror.com/b4a/download/b4a-1.1.4.tgz#1fb4a659d2958d2f6929d1e257389f637f94b3ef"
  integrity sha512-RIWJsXR22BtG5X15f+MrM9QT3JDTpTKj58Gsuaudeh6Nc8eaNSZxiAwABjiC9tiHwXKSTu7NIBH0zB3kYa0BvA==

blake2b-wasm@^2.4.0:
  version "2.4.0"
  resolved "https://registry.npmmirror.com/blake2b-wasm/download/blake2b-wasm-2.4.0.tgz#9115649111edbbd87eb24ce7c04b427e4e2be5be"
  integrity sha512-S1kwmW2ZhZFFFOghcx73+ZajEfKBqhP82JMssxtLVMxlaPea1p9uoLiUZ5WYyHn0KddwbLc+0vh4wR0KBNoT5w==
  dependencies:
    b4a "^1.0.1"
    nanoassert "^2.0.0"

blake2b@^2.1.4:
  version "2.1.4"
  resolved "https://registry.npmmirror.com/blake2b/download/blake2b-2.1.4.tgz#817d278526ddb4cd673bfb1af16d1ad61e393ba3"
  integrity sha512-AyBuuJNI64gIvwx13qiICz6H6hpmjvYS5DGkG6jbXMOT8Z3WUJ3V1X0FlhIoT1b/5JtHE3ki+xjtMvu1nn+t9A==
  dependencies:
    blake2b-wasm "^2.4.0"
    nanoassert "^2.0.0"

nanoassert@^2.0.0:
  version "2.0.0"
  resolved "https://registry.nlark.com/nanoassert/download/nanoassert-2.0.0.tgz#a05f86de6c7a51618038a620f88878ed1e490c09"
  integrity sha1-oF+G3mx6UWGAOKYg+Ih47R5JDAk=
