# THIS IS AN AUTOGENERATED FILE. DO NOT EDIT THIS FILE DIRECTLY.
# yarn lockfile v1


"@cspotcode/source-map-consumer@0.8.0":
  "integrity" "sha1-M79LeznBeIIWBvZpu8RHpqYpeGs="
  "resolved" "https://registry.nlark.com/@cspotcode/source-map-consumer/download/@cspotcode/source-map-consumer-0.8.0.tgz"
  "version" "0.8.0"

"@cspotcode/source-map-support@0.7.0":
  "integrity" "sha1-R4mECqhZ5G0vMXNyercHxmvzRPU="
  "resolved" "https://registry.npmmirror.com/@cspotcode/source-map-support/download/@cspotcode/source-map-support-0.7.0.tgz"
  "version" "0.7.0"
  dependencies:
    "@cspotcode/source-map-consumer" "0.8.0"

"@eslint/eslintrc@^1.0.5":
  "integrity" "sha512-BLxsnmK3KyPunz5wmCCpqy0YelEoxxGmH73Is+Z74oOTMtExcjkr3dDR6quwrjh1YspA8DH9gnX1o069KiS9AQ=="
  "resolved" "https://registry.npmjs.org/@eslint/eslintrc/-/eslintrc-1.0.5.tgz"
  "version" "1.0.5"
  dependencies:
    "ajv" "^6.12.4"
    "debug" "^4.3.2"
    "espree" "^9.2.0"
    "globals" "^13.9.0"
    "ignore" "^4.0.6"
    "import-fresh" "^3.2.1"
    "js-yaml" "^4.1.0"
    "minimatch" "^3.0.4"
    "strip-json-comments" "^3.1.1"

"@humanwhocodes/config-array@^0.9.2":
  "integrity" "sha512-UXOuFCGcwciWckOpmfKDq/GyhlTf9pN/BzG//x8p8zTOFEcGuA68ANXheFS0AGvy3qgZqLBUkMs7hqzqCKOVwA=="
  "resolved" "https://registry.npmjs.org/@humanwhocodes/config-array/-/config-array-0.9.2.tgz"
  "version" "0.9.2"
  dependencies:
    "@humanwhocodes/object-schema" "^1.2.1"
    "debug" "^4.1.1"
    "minimatch" "^3.0.4"

"@humanwhocodes/object-schema@^1.2.1":
  "integrity" "sha512-ZnQMnLV4e7hDlUvw8H+U8ASL02SS2Gn6+9Ac3wGGLIe7+je2AeAOxPY+izIPJDfFDb7eDjev0Us8MO1iFRN8hA=="
  "resolved" "https://registry.npmjs.org/@humanwhocodes/object-schema/-/object-schema-1.2.1.tgz"
  "version" "1.2.1"

"@nervosnetwork/ckb-sdk-utils@^0.101.0":
  "integrity" "sha1-9Rttxt+SmVRCF5hMLD4p4J0FDGA="
  "resolved" "https://registry.npmmirror.com/@nervosnetwork/ckb-sdk-utils/download/@nervosnetwork/ckb-sdk-utils-0.101.0.tgz"
  "version" "0.101.0"
  dependencies:
    "@nervosnetwork/ckb-types" "0.101.0"
    "bech32" "2.0.0"
    "elliptic" "6.5.4"
    "jsbi" "3.1.3"
    "tslib" "2.3.1"

"@nervosnetwork/ckb-types@0.101.0":
  "integrity" "sha1-hMX1kL2OLgb99WurDAmZXaCtpMo="
  "resolved" "https://registry.npmmirror.com/@nervosnetwork/ckb-types/download/@nervosnetwork/ckb-types-0.101.0.tgz"
  "version" "0.101.0"

"@tsconfig/node10@^1.0.7":
  "integrity" "sha1-weToDW+WT77LM1nEO9SLQPfK2tk="
  "resolved" "https://registry.nlark.com/@tsconfig/node10/download/@tsconfig/node10-1.0.8.tgz"
  "version" "1.0.8"

"@tsconfig/node12@^1.0.7":
  "integrity" "sha1-YsH23uLr2a6tgNw6+laBDljhoEw="
  "resolved" "https://registry.nlark.com/@tsconfig/node12/download/@tsconfig/node12-1.0.9.tgz"
  "version" "1.0.9"

"@tsconfig/node14@^1.0.0":
  "integrity" "sha1-lfLRZ/+5uNIGiwsjUwL6/U33EfI="
  "resolved" "https://registry.nlark.com/@tsconfig/node14/download/@tsconfig/node14-1.0.1.tgz"
  "version" "1.0.1"

"@tsconfig/node16@^1.0.2":
  "integrity" "sha1-Qjx3h30Fadsg4fyAiFrEEYMUAQ4="
  "resolved" "https://registry.nlark.com/@tsconfig/node16/download/@tsconfig/node16-1.0.2.tgz"
  "version" "1.0.2"

"@types/chai@^4.2.22":
  "integrity" "sha1-RwINfkzxkZTUO1IC8191vSrTXOc="
  "resolved" "https://registry.npmmirror.com/@types/chai/download/@types/chai-4.2.22.tgz?cache=0&sync_timestamp=1637264521209&other_urls=https%3A%2F%2Fregistry.npmmirror.com%2F%40types%2Fchai%2Fdownload%2F%40types%2Fchai-4.2.22.tgz"
  "version" "4.2.22"

"@types/mocha@^9.0.0":
  "integrity" "sha1-MgW80Vram8aBrCC+9k6ebfiP0pc="
  "resolved" "https://registry.npmmirror.com/@types/mocha/download/@types/mocha-9.0.0.tgz?cache=0&sync_timestamp=1637268124590&other_urls=https%3A%2F%2Fregistry.npmmirror.com%2F%40types%2Fmocha%2Fdownload%2F%40types%2Fmocha-9.0.0.tgz"
  "version" "9.0.0"

"@types/node@*", "@types/node@^17.0.0":
  "integrity" "sha512-eMhwJXc931Ihh4tkU+Y7GiLzT/y/DBNpNtr4yU9O2w3SYBsr9NaOPhQlLKRmoWtI54uNwuo0IOUFQjVOTZYRvw=="
  "resolved" "https://registry.npmjs.org/@types/node/-/node-17.0.0.tgz"
  "version" "17.0.0"

"@ungap/promise-all-settled@1.1.2":
  "integrity" "sha1-qlgEJxHW4ydd033Fl+XTHowpCkQ="
  "resolved" "https://registry.nlark.com/@ungap/promise-all-settled/download/@ungap/promise-all-settled-1.1.2.tgz"
  "version" "1.1.2"

"acorn-jsx@^5.3.1":
  "integrity" "sha512-rq9s+JNhf0IChjtDXxllJ7g41oZk5SlXtp0LHwyA5cejwn7vKmKp4pPri6YEePv2PU65sAsegbXtIinmDFDXgQ=="
  "resolved" "https://registry.npmjs.org/acorn-jsx/-/acorn-jsx-5.3.2.tgz"
  "version" "5.3.2"

"acorn-walk@^8.1.1":
  "integrity" "sha1-dBIQ8uJCZFRQiFOi9E0KuDt/acE="
  "resolved" "https://registry.nlark.com/acorn-walk/download/acorn-walk-8.2.0.tgz?cache=0&other_urls=https%3A%2F%2Fregistry.nlark.com%2Facorn-walk%2Fdownload%2Facorn-walk-8.2.0.tgz"
  "version" "8.2.0"

"acorn@^6.0.0 || ^7.0.0 || ^8.0.0", "acorn@^8.4.1", "acorn@^8.6.0":
  "integrity" "sha512-U1riIR+lBSNi3IbxtaHOIKdH8sLFv3NYfNv8sg7ZsNhcfl4HF2++BfqqrNAxoCLQW1iiylOj76ecnaUxz+z9yw=="
  "resolved" "https://registry.npmmirror.com/acorn/download/acorn-8.6.0.tgz?cache=0&sync_timestamp=1637225499069&other_urls=https%3A%2F%2Fregistry.npmmirror.com%2Facorn%2Fdownload%2Facorn-8.6.0.tgz"
  "version" "8.6.0"

"ajv@^6.10.0", "ajv@^6.12.4":
  "integrity" "sha512-j3fVLgvTo527anyYyJOGTYJbG+vnnQYvE0m5mmkc1TK+nxAppkCLMIL0aZ4dblVCNoGShhm+kzE4ZUykBoMg4g=="
  "resolved" "https://registry.npmjs.org/ajv/-/ajv-6.12.6.tgz"
  "version" "6.12.6"
  dependencies:
    "fast-deep-equal" "^3.1.1"
    "fast-json-stable-stringify" "^2.0.0"
    "json-schema-traverse" "^0.4.1"
    "uri-js" "^4.2.2"

"ansi-colors@^4.1.1", "ansi-colors@4.1.1":
  "integrity" "sha1-y7muJWv3UK8eqzRPIpqif+lLo0g="
  "resolved" "https://registry.nlark.com/ansi-colors/download/ansi-colors-4.1.1.tgz"
  "version" "4.1.1"

"ansi-regex@^5.0.1":
  "integrity" "sha1-CCyyyJyf6GWaMRpTvWpNxTAdswQ="
  "resolved" "https://registry.nlark.com/ansi-regex/download/ansi-regex-5.0.1.tgz?cache=0&sync_timestamp=1631634988487&other_urls=https%3A%2F%2Fregistry.nlark.com%2Fansi-regex%2Fdownload%2Fansi-regex-5.0.1.tgz"
  "version" "5.0.1"

"ansi-styles@^4.0.0", "ansi-styles@^4.1.0":
  "integrity" "sha1-7dgDYornHATIWuegkG7a00tkiTc="
  "resolved" "https://registry.nlark.com/ansi-styles/download/ansi-styles-4.3.0.tgz"
  "version" "4.3.0"
  dependencies:
    "color-convert" "^2.0.1"

"anymatch@~3.1.2":
  "integrity" "sha1-wFV8CWrzLxBhmPT04qODU343hxY="
  "resolved" "https://registry.nlark.com/anymatch/download/anymatch-3.1.2.tgz"
  "version" "3.1.2"
  dependencies:
    "normalize-path" "^3.0.0"
    "picomatch" "^2.0.4"

"arg@^4.1.0":
  "integrity" "sha1-Jp/HrVuOQstjyJbVZmAXJhwUQIk="
  "resolved" "https://registry.nlark.com/arg/download/arg-4.1.3.tgz"
  "version" "4.1.3"

"argparse@^2.0.1":
  "integrity" "sha1-JG9Q88p4oyQPbJl+ipvR6sSeSzg="
  "resolved" "https://registry.nlark.com/argparse/download/argparse-2.0.1.tgz"
  "version" "2.0.1"

"assertion-error@^1.1.0":
  "integrity" "sha1-5gtrDo8wG9l+U3UhW9pAbIURjAs="
  "resolved" "https://registry.npmmirror.com/assertion-error/download/assertion-error-1.1.0.tgz"
  "version" "1.1.0"

"balanced-match@^1.0.0":
  "integrity" "sha1-6D46fj8wCzTLnYf2FfoMvzV2kO4="
  "resolved" "https://registry.nlark.com/balanced-match/download/balanced-match-1.0.2.tgz"
  "version" "1.0.2"

"bech32@2.0.0":
  "integrity" "sha1-B402hlNQdcjHlwnwVLGyJqEzs1U="
  "resolved" "https://registry.nlark.com/bech32/download/bech32-2.0.0.tgz"
  "version" "2.0.0"

"binary-extensions@^2.0.0":
  "integrity" "sha1-dfUC7q+f/eQvyYgpZFvk6na9ni0="
  "resolved" "https://registry.nlark.com/binary-extensions/download/binary-extensions-2.2.0.tgz"
  "version" "2.2.0"

"bn.js@^4.11.9":
  "integrity" "sha1-d1s/J477uXGO7HNh9IP7Nvu/6og="
  "resolved" "https://registry.nlark.com/bn.js/download/bn.js-4.12.0.tgz"
  "version" "4.12.0"

"brace-expansion@^1.1.7":
  "integrity" "sha1-PH/L9SnYcibz0vUrlm/1Jx60Qd0="
  "resolved" "https://registry.nlark.com/brace-expansion/download/brace-expansion-1.1.11.tgz"
  "version" "1.1.11"
  dependencies:
    "balanced-match" "^1.0.0"
    "concat-map" "0.0.1"

"braces@~3.0.2":
  "integrity" "sha1-NFThpGLujVmeI23zNs2epPiv4Qc="
  "resolved" "https://registry.nlark.com/braces/download/braces-3.0.2.tgz"
  "version" "3.0.2"
  dependencies:
    "fill-range" "^7.0.1"

"brorand@^1.1.0":
  "integrity" "sha1-EsJe/kCkXjwyPrhnWgoM5XsiNx8="
  "resolved" "https://registry.nlark.com/brorand/download/brorand-1.1.0.tgz"
  "version" "1.1.0"

"browser-stdout@1.3.1":
  "integrity" "sha1-uqVZ7hTO1zRSIputcyZGfGH6vWA="
  "resolved" "https://registry.nlark.com/browser-stdout/download/browser-stdout-1.3.1.tgz"
  "version" "1.3.1"

"callsites@^3.0.0":
  "integrity" "sha512-P8BjAsXvZS+VIDUI11hHCQEv74YT67YUi5JJFNWIqL235sBmjX4+qx9Muvls5ivyNENctx46xQLQ3aTuE7ssaQ=="
  "resolved" "https://registry.npmjs.org/callsites/-/callsites-3.1.0.tgz"
  "version" "3.1.0"

"camelcase@^6.0.0":
  "integrity" "sha512-tVI4q5jjFV5CavAU8DXfza/TJcZutVKo/5Foskmsqcm0MsL91moHvwiGNnqaa2o6PF/7yT5ikDRcVcl8Rj6LCA=="
  "resolved" "https://registry.npmmirror.com/camelcase/download/camelcase-6.2.1.tgz?cache=0&sync_timestamp=1636945198738&other_urls=https%3A%2F%2Fregistry.npmmirror.com%2Fcamelcase%2Fdownload%2Fcamelcase-6.2.1.tgz"
  "version" "6.2.1"

"chai@^4.3.4":
  "integrity" "sha1-tV5lWzHh6scJm+TAjCGWT84ubEk="
  "resolved" "https://registry.nlark.com/chai/download/chai-4.3.4.tgz?cache=0&sync_timestamp=1624607982671&other_urls=https%3A%2F%2Fregistry.nlark.com%2Fchai%2Fdownload%2Fchai-4.3.4.tgz"
  "version" "4.3.4"
  dependencies:
    "assertion-error" "^1.1.0"
    "check-error" "^1.0.2"
    "deep-eql" "^3.0.1"
    "get-func-name" "^2.0.0"
    "pathval" "^1.1.1"
    "type-detect" "^4.0.5"

"chalk@^4.0.0", "chalk@^4.1.0":
  "integrity" "sha1-qsTit3NKdAhnrrFr8CqtVWoeegE="
  "resolved" "https://registry.npmmirror.com/chalk/download/chalk-4.1.2.tgz"
  "version" "4.1.2"
  dependencies:
    "ansi-styles" "^4.1.0"
    "supports-color" "^7.1.0"

"check-error@^1.0.2":
  "integrity" "sha1-V00xLt2Iu13YkS6Sht1sCu1KrII="
  "resolved" "https://registry.npm.taobao.org/check-error/download/check-error-1.0.2.tgz"
  "version" "1.0.2"

"chokidar@3.5.2":
  "integrity" "sha1-26OXb8rbAW9m/TZQIdkWANAcHnU="
  "resolved" "https://registry.npmmirror.com/chokidar/download/chokidar-3.5.2.tgz"
  "version" "3.5.2"
  dependencies:
    "anymatch" "~3.1.2"
    "braces" "~3.0.2"
    "glob-parent" "~5.1.2"
    "is-binary-path" "~2.1.0"
    "is-glob" "~4.0.1"
    "normalize-path" "~3.0.0"
    "readdirp" "~3.6.0"
  optionalDependencies:
    "fsevents" "~2.3.2"

"cliui@^7.0.2":
  "integrity" "sha1-oCZe5lVHb8gHrqnfPfjfd4OAi08="
  "resolved" "https://registry.nlark.com/cliui/download/cliui-7.0.4.tgz"
  "version" "7.0.4"
  dependencies:
    "string-width" "^4.2.0"
    "strip-ansi" "^6.0.0"
    "wrap-ansi" "^7.0.0"

"color-convert@^2.0.1":
  "integrity" "sha1-ctOmjVmMm9s68q0ehPIdiWq9TeM="
  "resolved" "https://registry.nlark.com/color-convert/download/color-convert-2.0.1.tgz?cache=0&sync_timestamp=1624607968569&other_urls=https%3A%2F%2Fregistry.nlark.com%2Fcolor-convert%2Fdownload%2Fcolor-convert-2.0.1.tgz"
  "version" "2.0.1"
  dependencies:
    "color-name" "~1.1.4"

"color-name@~1.1.4":
  "integrity" "sha1-wqCah6y95pVD3m9j+jmVyCbFNqI="
  "resolved" "https://registry.nlark.com/color-name/download/color-name-1.1.4.tgz"
  "version" "1.1.4"

"concat-map@0.0.1":
  "integrity" "sha1-2Klr13/Wjfd5OnMDajug1UBdR3s="
  "resolved" "https://registry.nlark.com/concat-map/download/concat-map-0.0.1.tgz"
  "version" "0.0.1"

"create-require@^1.1.0":
  "integrity" "sha1-wdfo8eX2z8n/ZfnNNS03NIdWwzM="
  "resolved" "https://registry.npm.taobao.org/create-require/download/create-require-1.1.1.tgz"
  "version" "1.1.1"

"cross-spawn@^7.0.2":
  "integrity" "sha512-iRDPJKUPVEND7dHPO8rkbOnPpyDygcDFtWjpeWNCgy8WP2rXcxXL8TskReQl6OrB2G7+UJrags1q15Fudc7G6w=="
  "resolved" "https://registry.npmjs.org/cross-spawn/-/cross-spawn-7.0.3.tgz"
  "version" "7.0.3"
  dependencies:
    "path-key" "^3.1.0"
    "shebang-command" "^2.0.0"
    "which" "^2.0.1"

"debug@^4.1.1", "debug@^4.3.2", "debug@4.3.2":
  "integrity" "sha1-8KScGKyHeeMdSgxgKd+3aHPHQos="
  "resolved" "https://registry.npmmirror.com/debug/download/debug-4.3.2.tgz"
  "version" "4.3.2"
  dependencies:
    "ms" "2.1.2"

"decamelize@^4.0.0":
  "integrity" "sha1-qkcte/Zg6xXzSU79UxyrfypwmDc="
  "resolved" "https://registry.npmmirror.com/decamelize/download/decamelize-4.0.0.tgz?cache=0&sync_timestamp=1633055760479&other_urls=https%3A%2F%2Fregistry.npmmirror.com%2Fdecamelize%2Fdownload%2Fdecamelize-4.0.0.tgz"
  "version" "4.0.0"

"deep-eql@^3.0.1":
  "integrity" "sha1-38lARACtHI/gI+faHfHBR8S0RN8="
  "resolved" "https://registry.npm.taobao.org/deep-eql/download/deep-eql-3.0.1.tgz"
  "version" "3.0.1"
  dependencies:
    "type-detect" "^4.0.0"

"deep-is@^0.1.3":
  "integrity" "sha512-oIPzksmTg4/MriiaYGO+okXDT7ztn/w3Eptv/+gSIdMdKsJo0u4CfYNFJPy+4SKMuCqGw2wxnA+URMg3t8a/bQ=="
  "resolved" "https://registry.npmjs.org/deep-is/-/deep-is-0.1.4.tgz"
  "version" "0.1.4"

"diff@^4.0.1":
  "integrity" "sha1-YPOuy4nV+uUgwRqhnvwruYKq3n0="
  "resolved" "https://registry.nlark.com/diff/download/diff-4.0.2.tgz"
  "version" "4.0.2"

"diff@5.0.0":
  "integrity" "sha1-ftatdthZ0DB4fsNYVfWx2vMdhSs="
  "resolved" "https://registry.nlark.com/diff/download/diff-5.0.0.tgz?cache=0&sync_timestamp=1624608104914&other_urls=https%3A%2F%2Fregistry.nlark.com%2Fdiff%2Fdownload%2Fdiff-5.0.0.tgz"
  "version" "5.0.0"

"doctrine@^3.0.0":
  "integrity" "sha512-yS+Q5i3hBf7GBkd4KG8a7eBNNWNGLTaEwwYWUijIYM7zrlYDM0BFXHjjPWlWZ1Rg7UaddZeIDmi9jF3HmqiQ2w=="
  "resolved" "https://registry.npmjs.org/doctrine/-/doctrine-3.0.0.tgz"
  "version" "3.0.0"
  dependencies:
    "esutils" "^2.0.2"

"elliptic@6.5.4":
  "integrity" "sha1-2jfOvTHnmhNn6UG1ku0fvr1Yq7s="
  "resolved" "https://registry.nlark.com/elliptic/download/elliptic-6.5.4.tgz"
  "version" "6.5.4"
  dependencies:
    "bn.js" "^4.11.9"
    "brorand" "^1.1.0"
    "hash.js" "^1.0.0"
    "hmac-drbg" "^1.0.1"
    "inherits" "^2.0.4"
    "minimalistic-assert" "^1.0.1"
    "minimalistic-crypto-utils" "^1.0.1"

"emoji-regex@^8.0.0":
  "integrity" "sha1-6Bj9ac5cz8tARZT4QpY79TFkzDc="
  "resolved" "https://registry.npmmirror.com/emoji-regex/download/emoji-regex-8.0.0.tgz?cache=0&sync_timestamp=1632751408145&other_urls=https%3A%2F%2Fregistry.npmmirror.com%2Femoji-regex%2Fdownload%2Femoji-regex-8.0.0.tgz"
  "version" "8.0.0"

"enquirer@^2.3.5":
  "integrity" "sha512-yjNnPr315/FjS4zIsUxYguYUPP2e1NK4d7E7ZOLiyYCcbFBiTMyID+2wvm2w6+pZ/odMA7cRkjhsPbltwBOrLg=="
  "resolved" "https://registry.npmjs.org/enquirer/-/enquirer-2.3.6.tgz"
  "version" "2.3.6"
  dependencies:
    "ansi-colors" "^4.1.1"

"escalade@^3.1.1":
  "integrity" "sha1-2M/ccACWXFoBdLSoLqpcBVJ0LkA="
  "resolved" "https://registry.nlark.com/escalade/download/escalade-3.1.1.tgz"
  "version" "3.1.1"

"escape-string-regexp@^4.0.0", "escape-string-regexp@4.0.0":
  "integrity" "sha1-FLqDpdNz49MR5a/KKc9b+tllvzQ="
  "resolved" "https://registry.nlark.com/escape-string-regexp/download/escape-string-regexp-4.0.0.tgz"
  "version" "4.0.0"

"eslint-scope@^7.1.0":
  "integrity" "sha512-aWwkhnS0qAXqNOgKOK0dJ2nvzEbhEvpy8OlJ9kZ0FeZnA6zpjv1/Vei+puGFFX7zkPCkHHXb7IDX3A+7yPrRWg=="
  "resolved" "https://registry.npmjs.org/eslint-scope/-/eslint-scope-7.1.0.tgz"
  "version" "7.1.0"
  dependencies:
    "esrecurse" "^4.3.0"
    "estraverse" "^5.2.0"

"eslint-utils@^3.0.0":
  "integrity" "sha512-uuQC43IGctw68pJA1RgbQS8/NP7rch6Cwd4j3ZBtgo4/8Flj4eGE7ZYSZRN3iq5pVUv6GPdW5Z1RFleo84uLDA=="
  "resolved" "https://registry.npmjs.org/eslint-utils/-/eslint-utils-3.0.0.tgz"
  "version" "3.0.0"
  dependencies:
    "eslint-visitor-keys" "^2.0.0"

"eslint-visitor-keys@^2.0.0":
  "integrity" "sha512-0rSmRBzXgDzIsD6mGdJgevzgezI534Cer5L/vyMX0kHzT/jiB43jRhd9YUlMGYLQy2zprNmoT8qasCGtY+QaKw=="
  "resolved" "https://registry.npmjs.org/eslint-visitor-keys/-/eslint-visitor-keys-2.1.0.tgz"
  "version" "2.1.0"

"eslint-visitor-keys@^3.1.0":
  "integrity" "sha512-yWJFpu4DtjsWKkt5GeNBBuZMlNcYVs6vRCLoCVEJrTjaSB6LC98gFipNK/erM2Heg/E8mIK+hXG/pJMLK+eRZA=="
  "resolved" "https://registry.npmjs.org/eslint-visitor-keys/-/eslint-visitor-keys-3.1.0.tgz"
  "version" "3.1.0"

"eslint@^8.4.1", "eslint@>=5":
  "integrity" "sha512-TxU/p7LB1KxQ6+7aztTnO7K0i+h0tDi81YRY9VzB6Id71kNz+fFYnf5HD5UOQmxkzcoa0TlVZf9dpMtUv0GpWg=="
  "resolved" "https://registry.npmjs.org/eslint/-/eslint-8.4.1.tgz"
  "version" "8.4.1"
  dependencies:
    "@eslint/eslintrc" "^1.0.5"
    "@humanwhocodes/config-array" "^0.9.2"
    "ajv" "^6.10.0"
    "chalk" "^4.0.0"
    "cross-spawn" "^7.0.2"
    "debug" "^4.3.2"
    "doctrine" "^3.0.0"
    "enquirer" "^2.3.5"
    "escape-string-regexp" "^4.0.0"
    "eslint-scope" "^7.1.0"
    "eslint-utils" "^3.0.0"
    "eslint-visitor-keys" "^3.1.0"
    "espree" "^9.2.0"
    "esquery" "^1.4.0"
    "esutils" "^2.0.2"
    "fast-deep-equal" "^3.1.3"
    "file-entry-cache" "^6.0.1"
    "functional-red-black-tree" "^1.0.1"
    "glob-parent" "^6.0.1"
    "globals" "^13.6.0"
    "ignore" "^4.0.6"
    "import-fresh" "^3.0.0"
    "imurmurhash" "^0.1.4"
    "is-glob" "^4.0.0"
    "js-yaml" "^4.1.0"
    "json-stable-stringify-without-jsonify" "^1.0.1"
    "levn" "^0.4.1"
    "lodash.merge" "^4.6.2"
    "minimatch" "^3.0.4"
    "natural-compare" "^1.4.0"
    "optionator" "^0.9.1"
    "progress" "^2.0.0"
    "regexpp" "^3.2.0"
    "semver" "^7.2.1"
    "strip-ansi" "^6.0.1"
    "strip-json-comments" "^3.1.0"
    "text-table" "^0.2.0"
    "v8-compile-cache" "^2.0.3"

"espree@^9.2.0":
  "integrity" "sha512-oP3utRkynpZWF/F2x/HZJ+AGtnIclaR7z1pYPxy7NYM2fSO6LgK/Rkny8anRSPK/VwEA1eqm2squui0T7ZMOBg=="
  "resolved" "https://registry.npmjs.org/espree/-/espree-9.2.0.tgz"
  "version" "9.2.0"
  dependencies:
    "acorn" "^8.6.0"
    "acorn-jsx" "^5.3.1"
    "eslint-visitor-keys" "^3.1.0"

"esquery@^1.4.0":
  "integrity" "sha512-cCDispWt5vHHtwMY2YrAQ4ibFkAL8RbH5YGBnZBc90MolvvfkkQcJro/aZiAQUlQ3qgrYS6D6v8Gc5G5CQsc9w=="
  "resolved" "https://registry.npmjs.org/esquery/-/esquery-1.4.0.tgz"
  "version" "1.4.0"
  dependencies:
    "estraverse" "^5.1.0"

"esrecurse@^4.3.0":
  "integrity" "sha512-KmfKL3b6G+RXvP8N1vr3Tq1kL/oCFgn2NYXEtqP8/L3pKapUA4G8cFVaoF3SU323CD4XypR/ffioHmkti6/Tag=="
  "resolved" "https://registry.npmjs.org/esrecurse/-/esrecurse-4.3.0.tgz"
  "version" "4.3.0"
  dependencies:
    "estraverse" "^5.2.0"

"estraverse@^5.1.0", "estraverse@^5.2.0":
  "integrity" "sha512-MMdARuVEQziNTeJD8DgMqmhwR11BRQ/cBP+pLtYdSTnf3MIO8fFeiINEbX36ZdNlfU/7A9f3gUw49B3oQsvwBA=="
  "resolved" "https://registry.npmjs.org/estraverse/-/estraverse-5.3.0.tgz"
  "version" "5.3.0"

"esutils@^2.0.2":
  "integrity" "sha512-kVscqXk4OCp68SZ0dkgEKVi6/8ij300KBWTJq32P/dYeWTSwK41WyTxalN1eRmA5Z9UU/LX9D7FWSmV9SAYx6g=="
  "resolved" "https://registry.npmjs.org/esutils/-/esutils-2.0.3.tgz"
  "version" "2.0.3"

"fast-deep-equal@^3.1.1", "fast-deep-equal@^3.1.3":
  "integrity" "sha512-f3qQ9oQy9j2AhBe/H9VC91wLmKBCCU/gDOnKNAYG5hswO7BLKj09Hc5HYNz9cGI++xlpDCIgDaitVs03ATR84Q=="
  "resolved" "https://registry.npmjs.org/fast-deep-equal/-/fast-deep-equal-3.1.3.tgz"
  "version" "3.1.3"

"fast-json-stable-stringify@^2.0.0":
  "integrity" "sha512-lhd/wF+Lk98HZoTCtlVraHtfh5XYijIjalXck7saUtuanSDyLMxnHhSXEDJqHxD7msR8D0uCmqlkwjCV8xvwHw=="
  "resolved" "https://registry.npmjs.org/fast-json-stable-stringify/-/fast-json-stable-stringify-2.1.0.tgz"
  "version" "2.1.0"

"fast-levenshtein@^2.0.6":
  "integrity" "sha1-PYpcZog6FqMMqGQ+hR8Zuqd5eRc="
  "resolved" "https://registry.npmjs.org/fast-levenshtein/-/fast-levenshtein-2.0.6.tgz"
  "version" "2.0.6"

"file-entry-cache@^6.0.1":
  "integrity" "sha512-7Gps/XWymbLk2QLYK4NzpMOrYjMhdIxXuIvy2QBsLE6ljuodKvdkWs/cpyJJ3CVIVpH0Oi1Hvg1ovbMzLdFBBg=="
  "resolved" "https://registry.npmjs.org/file-entry-cache/-/file-entry-cache-6.0.1.tgz"
  "version" "6.0.1"
  dependencies:
    "flat-cache" "^3.0.4"

"fill-range@^7.0.1":
  "integrity" "sha1-GRmmp8df44ssfHflGYU12prN2kA="
  "resolved" "https://registry.nlark.com/fill-range/download/fill-range-7.0.1.tgz"
  "version" "7.0.1"
  dependencies:
    "to-regex-range" "^5.0.1"

"find-up@5.0.0":
  "integrity" "sha1-TJKBnstwg1YeT0okCoa+UZj1Nvw="
  "resolved" "https://registry.npmmirror.com/find-up/download/find-up-5.0.0.tgz?cache=0&sync_timestamp=1633618659233&other_urls=https%3A%2F%2Fregistry.npmmirror.com%2Ffind-up%2Fdownload%2Ffind-up-5.0.0.tgz"
  "version" "5.0.0"
  dependencies:
    "locate-path" "^6.0.0"
    "path-exists" "^4.0.0"

"flat-cache@^3.0.4":
  "integrity" "sha512-dm9s5Pw7Jc0GvMYbshN6zchCA9RgQlzzEZX3vylR9IqFfS8XciblUXOKfW6SiuJ0e13eDYZoZV5wdrev7P3Nwg=="
  "resolved" "https://registry.npmjs.org/flat-cache/-/flat-cache-3.0.4.tgz"
  "version" "3.0.4"
  dependencies:
    "flatted" "^3.1.0"
    "rimraf" "^3.0.2"

"flat@^5.0.2":
  "integrity" "sha1-jKb+MyBp/6nTJMMnGYxZglnOskE="
  "resolved" "https://registry.nlark.com/flat/download/flat-5.0.2.tgz"
  "version" "5.0.2"

"flatted@^3.1.0":
  "integrity" "sha512-8/sOawo8tJ4QOBX8YlQBMxL8+RLZfxMQOif9o0KUKTNTjMYElWPE0r/m5VNFxTRd0NSw8qSy8dajrwX4RYI1Hw=="
  "resolved" "https://registry.npmjs.org/flatted/-/flatted-3.2.4.tgz"
  "version" "3.2.4"

"fs.realpath@^1.0.0":
  "integrity" "sha1-FQStJSMVjKpA20onh8sBQRmU6k8="
  "resolved" "https://registry.nlark.com/fs.realpath/download/fs.realpath-1.0.0.tgz"
  "version" "1.0.0"

"fsevents@~2.3.2":
  "integrity" "sha1-ilJveLj99GI7cJ4Ll1xSwkwC/Ro="
  "resolved" "https://registry.npmmirror.com/fsevents/download/fsevents-2.3.2.tgz"
  "version" "2.3.2"

"functional-red-black-tree@^1.0.1":
  "integrity" "sha1-GwqzvVU7Kg1jmdKcDj6gslIHgyc="
  "resolved" "https://registry.npmjs.org/functional-red-black-tree/-/functional-red-black-tree-1.0.1.tgz"
  "version" "1.0.1"

"get-caller-file@^2.0.5":
  "integrity" "sha1-T5RBKoLbMvNuOwuXQfipf+sDH34="
  "resolved" "https://registry.nlark.com/get-caller-file/download/get-caller-file-2.0.5.tgz"
  "version" "2.0.5"

"get-func-name@^2.0.0":
  "integrity" "sha1-6td0q+5y4gQJQzoGY2YCPdaIekE="
  "resolved" "https://registry.nlark.com/get-func-name/download/get-func-name-2.0.0.tgz?cache=0&sync_timestamp=1624607980603&other_urls=https%3A%2F%2Fregistry.nlark.com%2Fget-func-name%2Fdownload%2Fget-func-name-2.0.0.tgz"
  "version" "2.0.0"

"glob-parent@^6.0.1":
  "integrity" "sha512-XxwI8EOhVQgWp6iDL+3b0r86f4d6AX6zSU55HfB4ydCEuXLXc5FcYeOu+nnGftS4TEju/11rt4KJPTMgbfmv4A=="
  "resolved" "https://registry.npmjs.org/glob-parent/-/glob-parent-6.0.2.tgz"
  "version" "6.0.2"
  dependencies:
    "is-glob" "^4.0.3"

"glob-parent@~5.1.2":
  "integrity" "sha1-hpgyxYA0/mikCTwX3BXoNA2EAcQ="
  "resolved" "https://registry.npmmirror.com/glob-parent/download/glob-parent-5.1.2.tgz?cache=0&sync_timestamp=1632954190616&other_urls=https%3A%2F%2Fregistry.npmmirror.com%2Fglob-parent%2Fdownload%2Fglob-parent-5.1.2.tgz"
  "version" "5.1.2"
  dependencies:
    "is-glob" "^4.0.1"

"glob@^7.1.3", "glob@7.1.7":
  "integrity" "sha1-Oxk+kjPwHULQs/eClLvutBj5SpA="
  "resolved" "https://registry.npmmirror.com/glob/download/glob-7.1.7.tgz"
  "version" "7.1.7"
  dependencies:
    "fs.realpath" "^1.0.0"
    "inflight" "^1.0.4"
    "inherits" "2"
    "minimatch" "^3.0.4"
    "once" "^1.3.0"
    "path-is-absolute" "^1.0.0"

"globals@^13.6.0", "globals@^13.9.0":
  "integrity" "sha512-uS8X6lSKN2JumVoXrbUz+uG4BYG+eiawqm3qFcT7ammfbUHeCBoJMlHcec/S3krSk73/AE/f0szYFmgAA3kYZg=="
  "resolved" "https://registry.npmjs.org/globals/-/globals-13.12.0.tgz"
  "version" "13.12.0"
  dependencies:
    "type-fest" "^0.20.2"

"growl@1.10.5":
  "integrity" "sha1-8nNdwig2dPpnR4sQGBBZNVw2nl4="
  "resolved" "https://registry.nlark.com/growl/download/growl-1.10.5.tgz"
  "version" "1.10.5"

"has-flag@^4.0.0":
  "integrity" "sha1-lEdx/ZyByBJlxNaUGGDaBrtZR5s="
  "resolved" "https://registry.nlark.com/has-flag/download/has-flag-4.0.0.tgz?cache=0&sync_timestamp=1626716578584&other_urls=https%3A%2F%2Fregistry.nlark.com%2Fhas-flag%2Fdownload%2Fhas-flag-4.0.0.tgz"
  "version" "4.0.0"

"hash.js@^1.0.0", "hash.js@^1.0.3":
  "integrity" "sha1-C6vKU46NTuSg+JiNaIZlN6ADz0I="
  "resolved" "https://registry.nlark.com/hash.js/download/hash.js-1.1.7.tgz"
  "version" "1.1.7"
  dependencies:
    "inherits" "^2.0.3"
    "minimalistic-assert" "^1.0.1"

"he@1.2.0":
  "integrity" "sha1-hK5l+n6vsWX922FWauFLrwVmTw8="
  "resolved" "https://registry.nlark.com/he/download/he-1.2.0.tgz"
  "version" "1.2.0"

"hmac-drbg@^1.0.1":
  "integrity" "sha1-0nRXAQJabHdabFRXk+1QL8DGSaE="
  "resolved" "https://registry.nlark.com/hmac-drbg/download/hmac-drbg-1.0.1.tgz"
  "version" "1.0.1"
  dependencies:
    "hash.js" "^1.0.3"
    "minimalistic-assert" "^1.0.0"
    "minimalistic-crypto-utils" "^1.0.1"

"ignore@^4.0.6":
  "integrity" "sha512-cyFDKrqc/YdcWFniJhzI42+AzS+gNwmUzOSFcRCQYwySuBBBy/KjuxWLZ/FHEH6Moq1NizMOBWyTcv8O4OZIMg=="
  "resolved" "https://registry.npmjs.org/ignore/-/ignore-4.0.6.tgz"
  "version" "4.0.6"

"import-fresh@^3.0.0", "import-fresh@^3.2.1":
  "integrity" "sha512-veYYhQa+D1QBKznvhUHxb8faxlrwUnxseDAbAp457E0wLNio2bOSKnjYDhMj+YiAq61xrMGhQk9iXVk5FzgQMw=="
  "resolved" "https://registry.npmjs.org/import-fresh/-/import-fresh-3.3.0.tgz"
  "version" "3.3.0"
  dependencies:
    "parent-module" "^1.0.0"
    "resolve-from" "^4.0.0"

"imurmurhash@^0.1.4":
  "integrity" "sha1-khi5srkoojixPcT7a21XbyMUU+o="
  "resolved" "https://registry.npmjs.org/imurmurhash/-/imurmurhash-0.1.4.tgz"
  "version" "0.1.4"

"inflight@^1.0.4":
  "integrity" "sha1-Sb1jMdfQLQwJvJEKEHW6gWW1bfk="
  "resolved" "https://registry.nlark.com/inflight/download/inflight-1.0.6.tgz"
  "version" "1.0.6"
  dependencies:
    "once" "^1.3.0"
    "wrappy" "1"

"inherits@^2.0.3", "inherits@^2.0.4", "inherits@2":
  "integrity" "sha1-D6LGT5MpF8NDOg3tVTY6rjdBa3w="
  "resolved" "https://registry.nlark.com/inherits/download/inherits-2.0.4.tgz"
  "version" "2.0.4"

"is-binary-path@~2.1.0":
  "integrity" "sha1-6h9/O4DwZCNug0cPhsCcJU+0Wwk="
  "resolved" "https://registry.nlark.com/is-binary-path/download/is-binary-path-2.1.0.tgz"
  "version" "2.1.0"
  dependencies:
    "binary-extensions" "^2.0.0"

"is-extglob@^2.1.1":
  "integrity" "sha1-qIwCU1eR8C7TfHahueqXc8gz+MI="
  "resolved" "https://registry.nlark.com/is-extglob/download/is-extglob-2.1.1.tgz"
  "version" "2.1.1"

"is-fullwidth-code-point@^3.0.0":
  "integrity" "sha1-8Rb4Bk/pCz94RKOJl8C3UFEmnx0="
  "resolved" "https://registry.nlark.com/is-fullwidth-code-point/download/is-fullwidth-code-point-3.0.0.tgz"
  "version" "3.0.0"

"is-glob@^4.0.0", "is-glob@^4.0.1", "is-glob@^4.0.3", "is-glob@~4.0.1":
  "integrity" "sha1-ZPYeQsu7LuwgcanawLKLoeZdUIQ="
  "resolved" "https://registry.npmmirror.com/is-glob/download/is-glob-4.0.3.tgz?cache=0&sync_timestamp=1632934498977&other_urls=https%3A%2F%2Fregistry.npmmirror.com%2Fis-glob%2Fdownload%2Fis-glob-4.0.3.tgz"
  "version" "4.0.3"
  dependencies:
    "is-extglob" "^2.1.1"

"is-number@^7.0.0":
  "integrity" "sha1-dTU0W4lnNNX4DE0GxQlVUnoU8Ss="
  "resolved" "https://registry.nlark.com/is-number/download/is-number-7.0.0.tgz"
  "version" "7.0.0"

"is-plain-obj@^2.1.0":
  "integrity" "sha1-ReQuN/zPH0Dajl927iFRWEDAkoc="
  "resolved" "https://registry.nlark.com/is-plain-obj/download/is-plain-obj-2.1.0.tgz"
  "version" "2.1.0"

"is-unicode-supported@^0.1.0":
  "integrity" "sha1-PybHaoCVk7Ur+i7LVxDtJ3m1Iqc="
  "resolved" "https://registry.nlark.com/is-unicode-supported/download/is-unicode-supported-0.1.0.tgz?cache=0&sync_timestamp=1625294654260&other_urls=https%3A%2F%2Fregistry.nlark.com%2Fis-unicode-supported%2Fdownload%2Fis-unicode-supported-0.1.0.tgz"
  "version" "0.1.0"

"isexe@^2.0.0":
  "integrity" "sha1-6PvzdNxVb/iUehDcsFctYz8s+hA="
  "resolved" "https://registry.nlark.com/isexe/download/isexe-2.0.0.tgz"
  "version" "2.0.0"

"js-yaml@^4.1.0", "js-yaml@4.1.0":
  "integrity" "sha1-wftl+PUBeQHN0slRhkuhhFihBgI="
  "resolved" "https://registry.nlark.com/js-yaml/download/js-yaml-4.1.0.tgz?cache=0&sync_timestamp=1624607946901&other_urls=https%3A%2F%2Fregistry.nlark.com%2Fjs-yaml%2Fdownload%2Fjs-yaml-4.1.0.tgz"
  "version" "4.1.0"
  dependencies:
    "argparse" "^2.0.1"

"jsbi@3.1.3":
  "integrity" "sha1-8CSzQAMvfHyqpspLMrVejTP26Jc="
  "resolved" "https://registry.npmmirror.com/jsbi/download/jsbi-3.1.3.tgz"
  "version" "3.1.3"

"json-schema-traverse@^0.4.1":
  "integrity" "sha512-xbbCH5dCYU5T8LcEhhuh7HJ88HXuW3qsI3Y0zOZFKfZEHcpWiHU/Jxzk629Brsab/mMiHQti9wMP+845RPe3Vg=="
  "resolved" "https://registry.npmjs.org/json-schema-traverse/-/json-schema-traverse-0.4.1.tgz"
  "version" "0.4.1"

"json-stable-stringify-without-jsonify@^1.0.1":
  "integrity" "sha1-nbe1lJatPzz+8wp1FC0tkwrXJlE="
  "resolved" "https://registry.npmjs.org/json-stable-stringify-without-jsonify/-/json-stable-stringify-without-jsonify-1.0.1.tgz"
  "version" "1.0.1"

"levn@^0.4.1":
  "integrity" "sha512-+bT2uH4E5LGE7h/n3evcS/sQlJXCpIp6ym8OWJ5eV6+67Dsql/LaaT7qJBAt2rzfoa/5QBGBhxDix1dMt2kQKQ=="
  "resolved" "https://registry.npmjs.org/levn/-/levn-0.4.1.tgz"
  "version" "0.4.1"
  dependencies:
    "prelude-ls" "^1.2.1"
    "type-check" "~0.4.0"

"locate-path@^6.0.0":
  "integrity" "sha1-VTIeswn+u8WcSAHZMackUqaB0oY="
  "resolved" "https://registry.nlark.com/locate-path/download/locate-path-6.0.0.tgz"
  "version" "6.0.0"
  dependencies:
    "p-locate" "^5.0.0"

"lodash.merge@^4.6.2":
  "integrity" "sha512-0KpjqXRVvrYyCsX1swR/XTK0va6VQkQM6MNo7PqW77ByjAhoARA8EfrP1N4+KlKj8YS0ZUCtRT/YUuhyYDujIQ=="
  "resolved" "https://registry.npmjs.org/lodash.merge/-/lodash.merge-4.6.2.tgz"
  "version" "4.6.2"

"log-symbols@4.1.0":
  "integrity" "sha1-P727lbRoOsn8eFER55LlWNSr1QM="
  "resolved" "https://registry.nlark.com/log-symbols/download/log-symbols-4.1.0.tgz"
  "version" "4.1.0"
  dependencies:
    "chalk" "^4.1.0"
    "is-unicode-supported" "^0.1.0"

"lru-cache@^6.0.0":
  "integrity" "sha512-Jo6dJ04CmSjuznwJSS3pUeWmd/H0ffTlkXXgwZi+eq1UCmqQwCh+eLsYOYCwY991i2Fah4h1BEMCx4qThGbsiA=="
  "resolved" "https://registry.npmjs.org/lru-cache/-/lru-cache-6.0.0.tgz"
  "version" "6.0.0"
  dependencies:
    "yallist" "^4.0.0"

"make-error@^1.1.1":
  "integrity" "sha1-LrLjfqm2fEiR9oShOUeZr0hM96I="
  "resolved" "https://registry.nlark.com/make-error/download/make-error-1.3.6.tgz"
  "version" "1.3.6"

"minimalistic-assert@^1.0.0", "minimalistic-assert@^1.0.1":
  "integrity" "sha1-LhlN4ERibUoQ5/f7wAznPoPk1cc="
  "resolved" "https://registry.nlark.com/minimalistic-assert/download/minimalistic-assert-1.0.1.tgz"
  "version" "1.0.1"

"minimalistic-crypto-utils@^1.0.1":
  "integrity" "sha1-9sAMHAsIIkblxNmd+4x8CDsrWCo="
  "resolved" "https://registry.nlark.com/minimalistic-crypto-utils/download/minimalistic-crypto-utils-1.0.1.tgz"
  "version" "1.0.1"

"minimatch@^3.0.4", "minimatch@3.0.4":
  "integrity" "sha1-UWbihkV/AzBgZL5Ul+jbsMPTIIM="
  "resolved" "https://registry.nlark.com/minimatch/download/minimatch-3.0.4.tgz?cache=0&sync_timestamp=1624607996146&other_urls=https%3A%2F%2Fregistry.nlark.com%2Fminimatch%2Fdownload%2Fminimatch-3.0.4.tgz"
  "version" "3.0.4"
  dependencies:
    "brace-expansion" "^1.1.7"

"mocha@^9.1.3":
  "integrity" "sha1-imI75rMjgQST2Mj292Z0QPpGn9s="
  "resolved" "https://registry.npmmirror.com/mocha/download/mocha-9.1.3.tgz"
  "version" "9.1.3"
  dependencies:
    "@ungap/promise-all-settled" "1.1.2"
    "ansi-colors" "4.1.1"
    "browser-stdout" "1.3.1"
    "chokidar" "3.5.2"
    "debug" "4.3.2"
    "diff" "5.0.0"
    "escape-string-regexp" "4.0.0"
    "find-up" "5.0.0"
    "glob" "7.1.7"
    "growl" "1.10.5"
    "he" "1.2.0"
    "js-yaml" "4.1.0"
    "log-symbols" "4.1.0"
    "minimatch" "3.0.4"
    "ms" "2.1.3"
    "nanoid" "3.1.25"
    "serialize-javascript" "6.0.0"
    "strip-json-comments" "3.1.1"
    "supports-color" "8.1.1"
    "which" "2.0.2"
    "workerpool" "6.1.5"
    "yargs" "16.2.0"
    "yargs-parser" "20.2.4"
    "yargs-unparser" "2.0.0"

"ms@2.1.2":
  "integrity" "sha1-0J0fNXtEP0kzgqjrPM0YOHKuYAk="
  "resolved" "https://registry.npmmirror.com/ms/download/ms-2.1.2.tgz"
  "version" "2.1.2"

"ms@2.1.3":
  "integrity" "sha1-V0yBOM4dK1hh8LRFedut1gxmFbI="
  "resolved" "https://registry.npmmirror.com/ms/download/ms-2.1.3.tgz"
  "version" "2.1.3"

"nanoid@3.1.25":
  "integrity" "sha1-CcoydHwOVD8OGBS303k0d/nI4VI="
  "resolved" "https://registry.npmmirror.com/nanoid/download/nanoid-3.1.25.tgz?cache=0&other_urls=https%3A%2F%2Fregistry.npmmirror.com%2Fnanoid%2Fdownload%2Fnanoid-3.1.25.tgz"
  "version" "3.1.25"

"natural-compare@^1.4.0":
  "integrity" "sha1-Sr6/7tdUHywnrPspvbvRXI1bpPc="
  "resolved" "https://registry.npmjs.org/natural-compare/-/natural-compare-1.4.0.tgz"
  "version" "1.4.0"

"normalize-path@^3.0.0", "normalize-path@~3.0.0":
  "integrity" "sha1-Dc1p/yOhybEf0JeDFmRKA4ghamU="
  "resolved" "https://registry.nlark.com/normalize-path/download/normalize-path-3.0.0.tgz"
  "version" "3.0.0"

"once@^1.3.0":
  "integrity" "sha1-WDsap3WWHUsROsF9nFC6753Xa9E="
  "resolved" "https://registry.nlark.com/once/download/once-1.4.0.tgz"
  "version" "1.4.0"
  dependencies:
    "wrappy" "1"

"optionator@^0.9.1":
  "integrity" "sha512-74RlY5FCnhq4jRxVUPKDaRwrVNXMqsGsiW6AJw4XK8hmtm10wC0ypZBLw5IIp85NZMr91+qd1RvvENwg7jjRFw=="
  "resolved" "https://registry.npmjs.org/optionator/-/optionator-0.9.1.tgz"
  "version" "0.9.1"
  dependencies:
    "deep-is" "^0.1.3"
    "fast-levenshtein" "^2.0.6"
    "levn" "^0.4.1"
    "prelude-ls" "^1.2.1"
    "type-check" "^0.4.0"
    "word-wrap" "^1.2.3"

"p-limit@^3.0.2":
  "integrity" "sha1-4drMvnjQ0TiMoYxk/qOOPlfjcGs="
  "resolved" "https://registry.nlark.com/p-limit/download/p-limit-3.1.0.tgz?cache=0&sync_timestamp=1628813055527&other_urls=https%3A%2F%2Fregistry.nlark.com%2Fp-limit%2Fdownload%2Fp-limit-3.1.0.tgz"
  "version" "3.1.0"
  dependencies:
    "yocto-queue" "^0.1.0"

"p-locate@^5.0.0":
  "integrity" "sha1-g8gxXGeFAF470CGDlBHJ4RDm2DQ="
  "resolved" "https://registry.nlark.com/p-locate/download/p-locate-5.0.0.tgz?cache=0&sync_timestamp=1629892708584&other_urls=https%3A%2F%2Fregistry.nlark.com%2Fp-locate%2Fdownload%2Fp-locate-5.0.0.tgz"
  "version" "5.0.0"
  dependencies:
    "p-limit" "^3.0.2"

"parent-module@^1.0.0":
  "integrity" "sha512-GQ2EWRpQV8/o+Aw8YqtfZZPfNRWZYkbidE9k5rpl/hC3vtHHBfGm2Ifi6qWV+coDGkrUKZAxE3Lot5kcsRlh+g=="
  "resolved" "https://registry.npmjs.org/parent-module/-/parent-module-1.0.1.tgz"
  "version" "1.0.1"
  dependencies:
    "callsites" "^3.0.0"

"path-exists@^4.0.0":
  "integrity" "sha1-UTvb4tO5XXdi6METfvoZXGxhtbM="
  "resolved" "https://registry.nlark.com/path-exists/download/path-exists-4.0.0.tgz?cache=0&other_urls=https%3A%2F%2Fregistry.nlark.com%2Fpath-exists%2Fdownload%2Fpath-exists-4.0.0.tgz"
  "version" "4.0.0"

"path-is-absolute@^1.0.0":
  "integrity" "sha1-F0uSaHNVNP+8es5r9TpanhtcX18="
  "resolved" "https://registry.nlark.com/path-is-absolute/download/path-is-absolute-1.0.1.tgz"
  "version" "1.0.1"

"path-key@^3.1.0":
  "integrity" "sha512-ojmeN0qd+y0jszEtoY48r0Peq5dwMEkIlCOu6Q5f41lfkswXuKtYrhgoTpLnyIcHm24Uhqx+5Tqm2InSwLhE6Q=="
  "resolved" "https://registry.npmjs.org/path-key/-/path-key-3.1.1.tgz"
  "version" "3.1.1"

"pathval@^1.1.1":
  "integrity" "sha1-hTTnenfOesWiUS6iHg/bj89sPY0="
  "resolved" "https://registry.npm.taobao.org/pathval/download/pathval-1.1.1.tgz"
  "version" "1.1.1"

"picomatch@^2.0.4", "picomatch@^2.2.1":
  "integrity" "sha1-8fBh3o9qS/AiiS4tEoI0+5gwKXI="
  "resolved" "https://registry.nlark.com/picomatch/download/picomatch-2.3.0.tgz"
  "version" "2.3.0"

"prelude-ls@^1.2.1":
  "integrity" "sha512-vkcDPrRZo1QZLbn5RLGPpg/WmIQ65qoWWhcGKf/b5eplkkarX0m9z8ppCat4mlOqUsWpyNuYgO3VRyrYHSzX5g=="
  "resolved" "https://registry.npmjs.org/prelude-ls/-/prelude-ls-1.2.1.tgz"
  "version" "1.2.1"

"progress@^2.0.0":
  "integrity" "sha512-7PiHtLll5LdnKIMw100I+8xJXR5gW2QwWYkT6iJva0bXitZKa/XMrSbdmg3r2Xnaidz9Qumd0VPaMrZlF9V9sA=="
  "resolved" "https://registry.npmjs.org/progress/-/progress-2.0.3.tgz"
  "version" "2.0.3"

"punycode@^2.1.0":
  "integrity" "sha512-XRsRjdf+j5ml+y/6GKHPZbrF/8p2Yga0JPtdqTIY2Xe5ohJPD9saDJJLPvp9+NSBprVvevdXZybnj2cv8OEd0A=="
  "resolved" "https://registry.npmjs.org/punycode/-/punycode-2.1.1.tgz"
  "version" "2.1.1"

"randombytes@^2.1.0":
  "integrity" "sha1-32+ENy8CcNxlzfYpE0mrekc9Tyo="
  "resolved" "https://registry.nlark.com/randombytes/download/randombytes-2.1.0.tgz"
  "version" "2.1.0"
  dependencies:
    "safe-buffer" "^5.1.0"

"readdirp@~3.6.0":
  "integrity" "sha1-dKNwvYVxFuJFspzJc0DNQxoCpsc="
  "resolved" "https://registry.nlark.com/readdirp/download/readdirp-3.6.0.tgz"
  "version" "3.6.0"
  dependencies:
    "picomatch" "^2.2.1"

"regexpp@^3.2.0":
  "integrity" "sha512-pq2bWo9mVD43nbts2wGv17XLiNLya+GklZ8kaDLV2Z08gDCsGpnKn9BFMepvWuHCbyVvY7J5o5+BVvoQbmlJLg=="
  "resolved" "https://registry.npmjs.org/regexpp/-/regexpp-3.2.0.tgz"
  "version" "3.2.0"

"require-directory@^2.1.1":
  "integrity" "sha1-jGStX9MNqxyXbiNE/+f3kqam30I="
  "resolved" "https://registry.nlark.com/require-directory/download/require-directory-2.1.1.tgz"
  "version" "2.1.1"

"resolve-from@^4.0.0":
  "integrity" "sha512-pb/MYmXstAkysRFx8piNI1tGFNQIFA3vkE3Gq4EuA1dF6gHp/+vgZqsCGJapvy8N3Q+4o7FwvquPJcnZ7RYy4g=="
  "resolved" "https://registry.npmjs.org/resolve-from/-/resolve-from-4.0.0.tgz"
  "version" "4.0.0"

"rimraf@^3.0.2":
  "integrity" "sha512-JZkJMZkAGFFPP2YqXZXPbMlMBgsxzE8ILs4lMIX/2o0L9UBw9O/Y3o6wFw/i9YLapcUJWwqbi3kdxIPdC62TIA=="
  "resolved" "https://registry.npmjs.org/rimraf/-/rimraf-3.0.2.tgz"
  "version" "3.0.2"
  dependencies:
    "glob" "^7.1.3"

"safe-buffer@^5.1.0":
  "integrity" "sha1-Hq+fqb2x/dTsdfWPnNtOa3gn7sY="
  "resolved" "https://registry.nlark.com/safe-buffer/download/safe-buffer-5.2.1.tgz"
  "version" "5.2.1"

"semver@^7.2.1":
  "integrity" "sha512-PoeGJYh8HK4BTO/a9Tf6ZG3veo/A7ZVsYrSA6J8ny9nb3B1VrpkuN+z9OE5wfE5p6H4LchYZsegiQgbJD94ZFQ=="
  "resolved" "https://registry.npmjs.org/semver/-/semver-7.3.5.tgz"
  "version" "7.3.5"
  dependencies:
    "lru-cache" "^6.0.0"

"serialize-javascript@6.0.0":
  "integrity" "sha1-765diPRdeSQUHai1w6en5mP+/rg="
  "resolved" "https://registry.nlark.com/serialize-javascript/download/serialize-javascript-6.0.0.tgz?cache=0&sync_timestamp=1624608021459&other_urls=https%3A%2F%2Fregistry.nlark.com%2Fserialize-javascript%2Fdownload%2Fserialize-javascript-6.0.0.tgz"
  "version" "6.0.0"
  dependencies:
    "randombytes" "^2.1.0"

"shebang-command@^2.0.0":
  "integrity" "sha512-kHxr2zZpYtdmrN1qDjrrX/Z1rR1kG8Dx+gkpK1G4eXmvXswmcE1hTWBWYUzlraYw1/yZp6YuDY77YtvbN0dmDA=="
  "resolved" "https://registry.npmjs.org/shebang-command/-/shebang-command-2.0.0.tgz"
  "version" "2.0.0"
  dependencies:
    "shebang-regex" "^3.0.0"

"shebang-regex@^3.0.0":
  "integrity" "sha512-7++dFhtcx3353uBaq8DDR4NuxBetBzC7ZQOhmTQInHEd6bSrXdiEyzCvG07Z44UYdLShWUyXt5M/yhz8ekcb1A=="
  "resolved" "https://registry.npmjs.org/shebang-regex/-/shebang-regex-3.0.0.tgz"
  "version" "3.0.0"

"string-width@^4.1.0", "string-width@^4.2.0":
  "integrity" "sha1-JpxxF9J7Ba0uU2gwqOyJXvnG0BA="
  "resolved" "https://registry.npmmirror.com/string-width/download/string-width-4.2.3.tgz?cache=0&sync_timestamp=1632421054789&other_urls=https%3A%2F%2Fregistry.npmmirror.com%2Fstring-width%2Fdownload%2Fstring-width-4.2.3.tgz"
  "version" "4.2.3"
  dependencies:
    "emoji-regex" "^8.0.0"
    "is-fullwidth-code-point" "^3.0.0"
    "strip-ansi" "^6.0.1"

"strip-ansi@^6.0.0", "strip-ansi@^6.0.1":
  "integrity" "sha1-nibGPTD1NEPpSJSVshBdN7Z6hdk="
  "resolved" "https://registry.npmmirror.com/strip-ansi/download/strip-ansi-6.0.1.tgz"
  "version" "6.0.1"
  dependencies:
    "ansi-regex" "^5.0.1"

"strip-json-comments@^3.1.0", "strip-json-comments@^3.1.1", "strip-json-comments@3.1.1":
  "integrity" "sha1-MfEoGzgyYwQ0gxwxDAHMzajL4AY="
  "resolved" "https://registry.nlark.com/strip-json-comments/download/strip-json-comments-3.1.1.tgz"
  "version" "3.1.1"

"supports-color@^7.1.0":
  "integrity" "sha1-G33NyzK4E4gBs+R4umpRyqiWSNo="
  "resolved" "https://registry.npmmirror.com/supports-color/download/supports-color-7.2.0.tgz"
  "version" "7.2.0"
  dependencies:
    "has-flag" "^4.0.0"

"supports-color@8.1.1":
  "integrity" "sha1-zW/BfihQDP9WwbhsCn/UpUpzAFw="
  "resolved" "https://registry.npmmirror.com/supports-color/download/supports-color-8.1.1.tgz"
  "version" "8.1.1"
  dependencies:
    "has-flag" "^4.0.0"

"text-table@^0.2.0":
  "integrity" "sha1-f17oI66AUgfACvLfSoTsP8+lcLQ="
  "resolved" "https://registry.npmjs.org/text-table/-/text-table-0.2.0.tgz"
  "version" "0.2.0"

"to-regex-range@^5.0.1":
  "integrity" "sha1-FkjESq58jZiKMmAY7XL1tN0DkuQ="
  "resolved" "https://registry.nlark.com/to-regex-range/download/to-regex-range-5.0.1.tgz"
  "version" "5.0.1"
  dependencies:
    "is-number" "^7.0.0"

"ts-node@^10.4.0":
  "integrity" "sha1-aA+IlFiF9ObPRQ5/DWIj3UBIlfc="
  "resolved" "https://registry.npmmirror.com/ts-node/download/ts-node-10.4.0.tgz"
  "version" "10.4.0"
  dependencies:
    "@cspotcode/source-map-support" "0.7.0"
    "@tsconfig/node10" "^1.0.7"
    "@tsconfig/node12" "^1.0.7"
    "@tsconfig/node14" "^1.0.0"
    "@tsconfig/node16" "^1.0.2"
    "acorn" "^8.4.1"
    "acorn-walk" "^8.1.1"
    "arg" "^4.1.0"
    "create-require" "^1.1.0"
    "diff" "^4.0.1"
    "make-error" "^1.1.1"
    "yn" "3.1.1"

"tslib@2.3.1":
  "integrity" "sha1-6KM1rdXOrlGqJh0ypJAVjvBC7wE="
  "resolved" "https://registry.nlark.com/tslib/download/tslib-2.3.1.tgz"
  "version" "2.3.1"

"type-check@^0.4.0", "type-check@~0.4.0":
  "integrity" "sha512-XleUoc9uwGXqjWwXaUTZAmzMcFZ5858QA2vvx1Ur5xIcixXIP+8LnFDgRplU30us6teqdlskFfu+ae4K79Ooew=="
  "resolved" "https://registry.npmjs.org/type-check/-/type-check-0.4.0.tgz"
  "version" "0.4.0"
  dependencies:
    "prelude-ls" "^1.2.1"

"type-detect@^4.0.0", "type-detect@^4.0.5":
  "integrity" "sha1-dkb7XxiHHPu3dJ5pvTmmOI63RQw="
  "resolved" "https://registry.nlark.com/type-detect/download/type-detect-4.0.8.tgz?cache=0&sync_timestamp=1624607980886&other_urls=https%3A%2F%2Fregistry.nlark.com%2Ftype-detect%2Fdownload%2Ftype-detect-4.0.8.tgz"
  "version" "4.0.8"

"type-fest@^0.20.2":
  "integrity" "sha512-Ne+eE4r0/iWnpAxD852z3A+N0Bt5RN//NjJwRd2VFHEmrywxf5vsZlh4R6lixl6B+wz/8d+maTSAkN1FIkI3LQ=="
  "resolved" "https://registry.npmjs.org/type-fest/-/type-fest-0.20.2.tgz"
  "version" "0.20.2"

"typescript@^4.5.4", "typescript@>=2.7":
  "integrity" "sha512-VgYs2A2QIRuGphtzFV7aQJduJ2gyfTljngLzjpfW9FoYZF6xuw1W0vW9ghCKLfcWrCFxK81CSGRAvS1pn4fIUg=="
  "resolved" "https://registry.npmjs.org/typescript/-/typescript-4.5.4.tgz"
  "version" "4.5.4"

"uri-js@^4.2.2":
  "integrity" "sha512-7rKUyy33Q1yc98pQ1DAmLtwX109F7TIfWlW1Ydo8Wl1ii1SeHieeh0HHfPeL2fMXK6z0s8ecKs9frCuLJvndBg=="
  "resolved" "https://registry.npmjs.org/uri-js/-/uri-js-4.4.1.tgz"
  "version" "4.4.1"
  dependencies:
    "punycode" "^2.1.0"

"v8-compile-cache@^2.0.3":
  "integrity" "sha512-l8lCEmLcLYZh4nbunNZvQCJc5pv7+RCwa8q/LdUx8u7lsWvPDKmpodJAJNwkAhJC//dFY48KuIEmjtd4RViDrA=="
  "resolved" "https://registry.npmjs.org/v8-compile-cache/-/v8-compile-cache-2.3.0.tgz"
  "version" "2.3.0"

"which@^2.0.1", "which@2.0.2":
  "integrity" "sha1-fGqN0KY2oDJ+ELWckobu6T8/UbE="
  "resolved" "https://registry.nlark.com/which/download/which-2.0.2.tgz"
  "version" "2.0.2"
  dependencies:
    "isexe" "^2.0.0"

"word-wrap@^1.2.3":
  "integrity" "sha512-Hz/mrNwitNRh/HUAtM/VT/5VH+ygD6DV7mYKZAtHOrbs8U7lvPS6xf7EJKMF0uW1KJCl0H701g3ZGus+muE5vQ=="
  "resolved" "https://registry.npmjs.org/word-wrap/-/word-wrap-1.2.3.tgz"
  "version" "1.2.3"

"workerpool@6.1.5":
  "integrity" "sha1-D3zwdrYhX9fh2pA/9vIt3RiGtYE="
  "resolved" "https://registry.nlark.com/workerpool/download/workerpool-6.1.5.tgz"
  "version" "6.1.5"

"wrap-ansi@^7.0.0":
  "integrity" "sha1-Z+FFz/UQpqaYS98RUpEdadLrnkM="
  "resolved" "https://registry.nlark.com/wrap-ansi/download/wrap-ansi-7.0.0.tgz"
  "version" "7.0.0"
  dependencies:
    "ansi-styles" "^4.0.0"
    "string-width" "^4.1.0"
    "strip-ansi" "^6.0.0"

"wrappy@1":
  "integrity" "sha1-tSQ9jz7BqjXxNkYFvA0QNuMKtp8="
  "resolved" "https://registry.nlark.com/wrappy/download/wrappy-1.0.2.tgz"
  "version" "1.0.2"

"y18n@^5.0.5":
  "integrity" "sha1-f0k00PfKjFb5UxSTndzS3ZHOHVU="
  "resolved" "https://registry.nlark.com/y18n/download/y18n-5.0.8.tgz"
  "version" "5.0.8"

"yallist@^4.0.0":
  "integrity" "sha512-3wdGidZyq5PB084XLES5TpOSRA3wjXAlIWMhum2kRcv/41Sn2emQ0dycQW4uZXLejwKvg6EsvbdlVL+FYEct7A=="
  "resolved" "https://registry.npmjs.org/yallist/-/yallist-4.0.0.tgz"
  "version" "4.0.0"

"yargs-parser@^20.2.2":
  "integrity" "sha1-LrfcOwKJcY/ClfNidThFxBoMlO4="
  "resolved" "https://registry.npmmirror.com/yargs-parser/download/yargs-parser-20.2.9.tgz?cache=0&sync_timestamp=1637031074828&other_urls=https%3A%2F%2Fregistry.npmmirror.com%2Fyargs-parser%2Fdownload%2Fyargs-parser-20.2.9.tgz"
  "version" "20.2.9"

"yargs-parser@20.2.4":
  "integrity" "sha1-tCiQ8UVmeW+Fro46JSkNIF8VSlQ="
  "resolved" "https://registry.npmmirror.com/yargs-parser/download/yargs-parser-20.2.4.tgz?cache=0&sync_timestamp=1637031074828&other_urls=https%3A%2F%2Fregistry.npmmirror.com%2Fyargs-parser%2Fdownload%2Fyargs-parser-20.2.4.tgz"
  "version" "20.2.4"

"yargs-unparser@2.0.0":
  "integrity" "sha1-8TH5ImkRrl2a04xDL+gJNmwjJes="
  "resolved" "https://registry.nlark.com/yargs-unparser/download/yargs-unparser-2.0.0.tgz"
  "version" "2.0.0"
  dependencies:
    "camelcase" "^6.0.0"
    "decamelize" "^4.0.0"
    "flat" "^5.0.2"
    "is-plain-obj" "^2.1.0"

"yargs@16.2.0":
  "integrity" "sha1-HIK/D2tqZur85+8w43b0mhJHf2Y="
  "resolved" "https://registry.npmmirror.com/yargs/download/yargs-16.2.0.tgz"
  "version" "16.2.0"
  dependencies:
    "cliui" "^7.0.2"
    "escalade" "^3.1.1"
    "get-caller-file" "^2.0.5"
    "require-directory" "^2.1.1"
    "string-width" "^4.2.0"
    "y18n" "^5.0.5"
    "yargs-parser" "^20.2.2"

"yn@3.1.1":
  "integrity" "sha1-HodAGgnXZ8HV6rJqbkwYUYLS61A="
  "resolved" "https://registry.nlark.com/yn/download/yn-3.1.1.tgz"
  "version" "3.1.1"

"yocto-queue@^0.1.0":
  "integrity" "sha1-ApTrPe4FAo0x7hpfosVWpqrxChs="
  "resolved" "https://registry.nlark.com/yocto-queue/download/yocto-queue-0.1.0.tgz?cache=0&sync_timestamp=1628812679256&other_urls=https%3A%2F%2Fregistry.nlark.com%2Fyocto-queue%2Fdownload%2Fyocto-queue-0.1.0.tgz"
  "version" "0.1.0"
